
Microsoft Visual Studio Solution File, Format Version 12.00
# Visual Studio Version 17
VisualStudioVersion = 17.0.31903.59
MinimumVisualStudioVersion = 10.0.40219.1
Project("{FAE04EC0-301F-11D3-BF4B-00C04F79EFBC}") = "RockCommitmentTracker.Domain", "RockCommitmentTracker.Domain\RockCommitmentTracker.Domain.csproj", "{DB665EC9-4F53-4341-B9B7-8ABB7E98243E}"
EndProject
Project("{FAE04EC0-301F-11D3-BF4B-00C04F79EFBC}") = "RockCommitmentTracker.Application", "RockCommitmentTracker.Application\RockCommitmentTracker.Application.csproj", "{4FC6C9F1-893E-4A7D-97BD-870C474BBADA}"
EndProject
Project("{FAE04EC0-301F-11D3-BF4B-00C04F79EFBC}") = "RockCommitmentTracker.Infrastructure", "RockCommitmentTracker.Infrastructure\RockCommitmentTracker.Infrastructure.csproj", "{2C14BEE5-FA1F-4979-9D80-6AC6D1C45A94}"
EndProject
Project("{FAE04EC0-301F-11D3-BF4B-00C04F79EFBC}") = "RockCommitmentTracker.Api", "RockCommitmentTracker.Api\RockCommitmentTracker.Api.csproj", "{377167BC-541C-49C6-B8F9-DE66C2CCF307}"
EndProject
Project("{FAE04EC0-301F-11D3-BF4B-00C04F79EFBC}") = "RockCommitmentTracker.Domain.Tests", "RockCommitmentTracker.Domain.Tests\RockCommitmentTracker.Domain.Tests.csproj", "{8BA802F6-1BB0-48BD-9B1E-66A7EA275EA8}"
EndProject
Project("{FAE04EC0-301F-11D3-BF4B-00C04F79EFBC}") = "RockCommitmentTracker.Application.Tests", "RockCommitmentTracker.Application.Tests\RockCommitmentTracker.Application.Tests.csproj", "{3661881D-BE4A-4232-8AD9-BA1A213A713B}"
EndProject
Project("{FAE04EC0-301F-11D3-BF4B-00C04F79EFBC}") = "RockCommitmentTracker.Infrastructure.Tests", "RockCommitmentTracker.Infrastructure.Tests\RockCommitmentTracker.Infrastructure.Tests.csproj", "{9299613F-E3D1-45A4-805D-71EF8C5DF73C}"
EndProject
Project("{FAE04EC0-301F-11D3-BF4B-00C04F79EFBC}") = "RockCommitmentTracker.Api.Tests", "RockCommitmentTracker.Api.Tests\RockCommitmentTracker.Api.Tests.csproj", "{C1AEF0FA-CF79-413C-BF9A-7D6AD6361472}"
EndProject
Global
	GlobalSection(SolutionConfigurationPlatforms) = preSolution
		Debug|Any CPU = Debug|Any CPU
		Debug|x64 = Debug|x64
		Debug|x86 = Debug|x86
		Release|Any CPU = Release|Any CPU
		Release|x64 = Release|x64
		Release|x86 = Release|x86
	EndGlobalSection
	GlobalSection(ProjectConfigurationPlatforms) = postSolution
		{DB665EC9-4F53-4341-B9B7-8ABB7E98243E}.Debug|Any CPU.ActiveCfg = Debug|Any CPU
		{DB665EC9-4F53-4341-B9B7-8ABB7E98243E}.Debug|Any CPU.Build.0 = Debug|Any CPU
		{DB665EC9-4F53-4341-B9B7-8ABB7E98243E}.Debug|x64.ActiveCfg = Debug|Any CPU
		{DB665EC9-4F53-4341-B9B7-8ABB7E98243E}.Debug|x64.Build.0 = Debug|Any CPU
		{DB665EC9-4F53-4341-B9B7-8ABB7E98243E}.Debug|x86.ActiveCfg = Debug|Any CPU
		{DB665EC9-4F53-4341-B9B7-8ABB7E98243E}.Debug|x86.Build.0 = Debug|Any CPU
		{DB665EC9-4F53-4341-B9B7-8ABB7E98243E}.Release|Any CPU.ActiveCfg = Release|Any CPU
		{DB665EC9-4F53-4341-B9B7-8ABB7E98243E}.Release|Any CPU.Build.0 = Release|Any CPU
		{DB665EC9-4F53-4341-B9B7-8ABB7E98243E}.Release|x64.ActiveCfg = Release|Any CPU
		{DB665EC9-4F53-4341-B9B7-8ABB7E98243E}.Release|x64.Build.0 = Release|Any CPU
		{DB665EC9-4F53-4341-B9B7-8ABB7E98243E}.Release|x86.ActiveCfg = Release|Any CPU
		{DB665EC9-4F53-4341-B9B7-8ABB7E98243E}.Release|x86.Build.0 = Release|Any CPU
		{4FC6C9F1-893E-4A7D-97BD-870C474BBADA}.Debug|Any CPU.ActiveCfg = Debug|Any CPU
		{4FC6C9F1-893E-4A7D-97BD-870C474BBADA}.Debug|Any CPU.Build.0 = Debug|Any CPU
		{4FC6C9F1-893E-4A7D-97BD-870C474BBADA}.Debug|x64.ActiveCfg = Debug|Any CPU
		{4FC6C9F1-893E-4A7D-97BD-870C474BBADA}.Debug|x64.Build.0 = Debug|Any CPU
		{4FC6C9F1-893E-4A7D-97BD-870C474BBADA}.Debug|x86.ActiveCfg = Debug|Any CPU
		{4FC6C9F1-893E-4A7D-97BD-870C474BBADA}.Debug|x86.Build.0 = Debug|Any CPU
		{4FC6C9F1-893E-4A7D-97BD-870C474BBADA}.Release|Any CPU.ActiveCfg = Release|Any CPU
		{4FC6C9F1-893E-4A7D-97BD-870C474BBADA}.Release|Any CPU.Build.0 = Release|Any CPU
		{4FC6C9F1-893E-4A7D-97BD-870C474BBADA}.Release|x64.ActiveCfg = Release|Any CPU
		{4FC6C9F1-893E-4A7D-97BD-870C474BBADA}.Release|x64.Build.0 = Release|Any CPU
		{4FC6C9F1-893E-4A7D-97BD-870C474BBADA}.Release|x86.ActiveCfg = Release|Any CPU
		{4FC6C9F1-893E-4A7D-97BD-870C474BBADA}.Release|x86.Build.0 = Release|Any CPU
		{2C14BEE5-FA1F-4979-9D80-6AC6D1C45A94}.Debug|Any CPU.ActiveCfg = Debug|Any CPU
		{2C14BEE5-FA1F-4979-9D80-6AC6D1C45A94}.Debug|Any CPU.Build.0 = Debug|Any CPU
		{2C14BEE5-FA1F-4979-9D80-6AC6D1C45A94}.Debug|x64.ActiveCfg = Debug|Any CPU
		{2C14BEE5-FA1F-4979-9D80-6AC6D1C45A94}.Debug|x64.Build.0 = Debug|Any CPU
		{2C14BEE5-FA1F-4979-9D80-6AC6D1C45A94}.Debug|x86.ActiveCfg = Debug|Any CPU
		{2C14BEE5-FA1F-4979-9D80-6AC6D1C45A94}.Debug|x86.Build.0 = Debug|Any CPU
		{2C14BEE5-FA1F-4979-9D80-6AC6D1C45A94}.Release|Any CPU.ActiveCfg = Release|Any CPU
		{2C14BEE5-FA1F-4979-9D80-6AC6D1C45A94}.Release|Any CPU.Build.0 = Release|Any CPU
		{2C14BEE5-FA1F-4979-9D80-6AC6D1C45A94}.Release|x64.ActiveCfg = Release|Any CPU
		{2C14BEE5-FA1F-4979-9D80-6AC6D1C45A94}.Release|x64.Build.0 = Release|Any CPU
		{2C14BEE5-FA1F-4979-9D80-6AC6D1C45A94}.Release|x86.ActiveCfg = Release|Any CPU
		{2C14BEE5-FA1F-4979-9D80-6AC6D1C45A94}.Release|x86.Build.0 = Release|Any CPU
		{377167BC-541C-49C6-B8F9-DE66C2CCF307}.Debug|Any CPU.ActiveCfg = Debug|Any CPU
		{377167BC-541C-49C6-B8F9-DE66C2CCF307}.Debug|Any CPU.Build.0 = Debug|Any CPU
		{377167BC-541C-49C6-B8F9-DE66C2CCF307}.Debug|x64.ActiveCfg = Debug|Any CPU
		{377167BC-541C-49C6-B8F9-DE66C2CCF307}.Debug|x64.Build.0 = Debug|Any CPU
		{377167BC-541C-49C6-B8F9-DE66C2CCF307}.Debug|x86.ActiveCfg = Debug|Any CPU
		{377167BC-541C-49C6-B8F9-DE66C2CCF307}.Debug|x86.Build.0 = Debug|Any CPU
		{377167BC-541C-49C6-B8F9-DE66C2CCF307}.Release|Any CPU.ActiveCfg = Release|Any CPU
		{377167BC-541C-49C6-B8F9-DE66C2CCF307}.Release|Any CPU.Build.0 = Release|Any CPU
		{377167BC-541C-49C6-B8F9-DE66C2CCF307}.Release|x64.ActiveCfg = Release|Any CPU
		{377167BC-541C-49C6-B8F9-DE66C2CCF307}.Release|x64.Build.0 = Release|Any CPU
		{377167BC-541C-49C6-B8F9-DE66C2CCF307}.Release|x86.ActiveCfg = Release|Any CPU
		{377167BC-541C-49C6-B8F9-DE66C2CCF307}.Release|x86.Build.0 = Release|Any CPU
		{8BA802F6-1BB0-48BD-9B1E-66A7EA275EA8}.Debug|Any CPU.ActiveCfg = Debug|Any CPU
		{8BA802F6-1BB0-48BD-9B1E-66A7EA275EA8}.Debug|Any CPU.Build.0 = Debug|Any CPU
		{8BA802F6-1BB0-48BD-9B1E-66A7EA275EA8}.Debug|x64.ActiveCfg = Debug|Any CPU
		{8BA802F6-1BB0-48BD-9B1E-66A7EA275EA8}.Debug|x64.Build.0 = Debug|Any CPU
		{8BA802F6-1BB0-48BD-9B1E-66A7EA275EA8}.Debug|x86.ActiveCfg = Debug|Any CPU
		{8BA802F6-1BB0-48BD-9B1E-66A7EA275EA8}.Debug|x86.Build.0 = Debug|Any CPU
		{8BA802F6-1BB0-48BD-9B1E-66A7EA275EA8}.Release|Any CPU.ActiveCfg = Release|Any CPU
		{8BA802F6-1BB0-48BD-9B1E-66A7EA275EA8}.Release|Any CPU.Build.0 = Release|Any CPU
		{8BA802F6-1BB0-48BD-9B1E-66A7EA275EA8}.Release|x64.ActiveCfg = Release|Any CPU
		{8BA802F6-1BB0-48BD-9B1E-66A7EA275EA8}.Release|x64.Build.0 = Release|Any CPU
		{8BA802F6-1BB0-48BD-9B1E-66A7EA275EA8}.Release|x86.ActiveCfg = Release|Any CPU
		{8BA802F6-1BB0-48BD-9B1E-66A7EA275EA8}.Release|x86.Build.0 = Release|Any CPU
		{3661881D-BE4A-4232-8AD9-BA1A213A713B}.Debug|Any CPU.ActiveCfg = Debug|Any CPU
		{3661881D-BE4A-4232-8AD9-BA1A213A713B}.Debug|Any CPU.Build.0 = Debug|Any CPU
		{3661881D-BE4A-4232-8AD9-BA1A213A713B}.Debug|x64.ActiveCfg = Debug|Any CPU
		{3661881D-BE4A-4232-8AD9-BA1A213A713B}.Debug|x64.Build.0 = Debug|Any CPU
		{3661881D-BE4A-4232-8AD9-BA1A213A713B}.Debug|x86.ActiveCfg = Debug|Any CPU
		{3661881D-BE4A-4232-8AD9-BA1A213A713B}.Debug|x86.Build.0 = Debug|Any CPU
		{3661881D-BE4A-4232-8AD9-BA1A213A713B}.Release|Any CPU.ActiveCfg = Release|Any CPU
		{3661881D-BE4A-4232-8AD9-BA1A213A713B}.Release|Any CPU.Build.0 = Release|Any CPU
		{3661881D-BE4A-4232-8AD9-BA1A213A713B}.Release|x64.ActiveCfg = Release|Any CPU
		{3661881D-BE4A-4232-8AD9-BA1A213A713B}.Release|x64.Build.0 = Release|Any CPU
		{3661881D-BE4A-4232-8AD9-BA1A213A713B}.Release|x86.ActiveCfg = Release|Any CPU
		{3661881D-BE4A-4232-8AD9-BA1A213A713B}.Release|x86.Build.0 = Release|Any CPU
		{9299613F-E3D1-45A4-805D-71EF8C5DF73C}.Debug|Any CPU.ActiveCfg = Debug|Any CPU
		{9299613F-E3D1-45A4-805D-71EF8C5DF73C}.Debug|Any CPU.Build.0 = Debug|Any CPU
		{9299613F-E3D1-45A4-805D-71EF8C5DF73C}.Debug|x64.ActiveCfg = Debug|Any CPU
		{9299613F-E3D1-45A4-805D-71EF8C5DF73C}.Debug|x64.Build.0 = Debug|Any CPU
		{9299613F-E3D1-45A4-805D-71EF8C5DF73C}.Debug|x86.ActiveCfg = Debug|Any CPU
		{9299613F-E3D1-45A4-805D-71EF8C5DF73C}.Debug|x86.Build.0 = Debug|Any CPU
		{9299613F-E3D1-45A4-805D-71EF8C5DF73C}.Release|Any CPU.ActiveCfg = Release|Any CPU
		{9299613F-E3D1-45A4-805D-71EF8C5DF73C}.Release|Any CPU.Build.0 = Release|Any CPU
		{9299613F-E3D1-45A4-805D-71EF8C5DF73C}.Release|x64.ActiveCfg = Release|Any CPU
		{9299613F-E3D1-45A4-805D-71EF8C5DF73C}.Release|x64.Build.0 = Release|Any CPU
		{9299613F-E3D1-45A4-805D-71EF8C5DF73C}.Release|x86.ActiveCfg = Release|Any CPU
		{9299613F-E3D1-45A4-805D-71EF8C5DF73C}.Release|x86.Build.0 = Release|Any CPU
		{C1AEF0FA-CF79-413C-BF9A-7D6AD6361472}.Debug|Any CPU.ActiveCfg = Debug|Any CPU
		{C1AEF0FA-CF79-413C-BF9A-7D6AD6361472}.Debug|Any CPU.Build.0 = Debug|Any CPU
		{C1AEF0FA-CF79-413C-BF9A-7D6AD6361472}.Debug|x64.ActiveCfg = Debug|Any CPU
		{C1AEF0FA-CF79-413C-BF9A-7D6AD6361472}.Debug|x64.Build.0 = Debug|Any CPU
		{C1AEF0FA-CF79-413C-BF9A-7D6AD6361472}.Debug|x86.ActiveCfg = Debug|Any CPU
		{C1AEF0FA-CF79-413C-BF9A-7D6AD6361472}.Debug|x86.Build.0 = Debug|Any CPU
		{C1AEF0FA-CF79-413C-BF9A-7D6AD6361472}.Release|Any CPU.ActiveCfg = Release|Any CPU
		{C1AEF0FA-CF79-413C-BF9A-7D6AD6361472}.Release|Any CPU.Build.0 = Release|Any CPU
		{C1AEF0FA-CF79-413C-BF9A-7D6AD6361472}.Release|x64.ActiveCfg = Release|Any CPU
		{C1AEF0FA-CF79-413C-BF9A-7D6AD6361472}.Release|x64.Build.0 = Release|Any CPU
		{C1AEF0FA-CF79-413C-BF9A-7D6AD6361472}.Release|x86.ActiveCfg = Release|Any CPU
		{C1AEF0FA-CF79-413C-BF9A-7D6AD6361472}.Release|x86.Build.0 = Release|Any CPU
	EndGlobalSection
	GlobalSection(SolutionProperties) = preSolution
		HideSolutionNode = FALSE
	EndGlobalSection
EndGlobal
